
Microsoft Visual Studio Solution File, Format Version 12.00
# Visual Studio Version 16
VisualStudioVersion = 16.0.32228.343
MinimumVisualStudioVersion = 10.0.40219.1
Project("{FAE04EC0-301F-11D3-BF4B-00C04F79EFBC}") = "ALMATRANS", "ALMATRANS\ALMATRANS.csproj", "{510B7E6D-DBBB-4EBA-BC8E-09EBC7C916D0}"
EndProject
Global
	GlobalSection(SolutionConfigurationPlatforms) = preSolution
		Debug|Any CPU = Debug|Any CPU
		Release|Any CPU = Release|Any CPU
	EndGlobalSection
	GlobalSection(ProjectConfigurationPlatforms) = postSolution
		{510B7E6D-DBBB-4EBA-BC8E-09EBC7C916D0}.Debug|Any CPU.ActiveCfg = Debug|Any CPU
		{510B7E6D-DBBB-4EBA-BC8E-09EBC7C916D0}.Debug|Any CPU.Build.0 = Debug|Any CPU
		{510B7E6D-DBBB-4EBA-BC8E-09EBC7C916D0}.Release|Any CPU.ActiveCfg = Release|Any CPU
		{510B7E6D-DBBB-4EBA-BC8E-09EBC7C916D0}.Release|Any CPU.Build.0 = Release|Any CPU
	EndGlobalSection
	GlobalSection(SolutionProperties) = preSolution
		HideSolutionNode = FALSE
	EndGlobalSection
	GlobalSection(ExtensibilityGlobals) = postSolution
		SolutionGuid = {12359C27-D6A5-4EFF-A673-58D65C11CE0B}
	EndGlobalSection
EndGlobal
